
Microsoft Visual Studio Solution File, Format Version 12.00
# Visual Studio Version 16
VisualStudioVersion = 16.0.30907.101
MinimumVisualStudioVersion = 10.0.40219.1
Project("{FAE04EC0-301F-11D3-BF4B-00C04F79EFBC}") = "Código ASCII", "Código ASCII.csproj", "{9F6E2CF2-CC46-491F-AC24-40064F8BEEA5}"
EndProject
Global
	GlobalSection(SolutionConfigurationPlatforms) = preSolution
		Debug|Any CPU = Debug|Any CPU
		Release|Any CPU = Release|Any CPU
	EndGlobalSection
	GlobalSection(ProjectConfigurationPlatforms) = postSolution
		{9F6E2CF2-CC46-491F-AC24-40064F8BEEA5}.Debug|Any CPU.ActiveCfg = Debug|Any CPU
		{9F6E2CF2-CC46-491F-AC24-40064F8BEEA5}.Debug|Any CPU.Build.0 = Debug|Any CPU
		{9F6E2CF2-CC46-491F-AC24-40064F8BEEA5}.Release|Any CPU.ActiveCfg = Release|Any CPU
		{9F6E2CF2-CC46-491F-AC24-40064F8BEEA5}.Release|Any CPU.Build.0 = Release|Any CPU
	EndGlobalSection
	GlobalSection(SolutionProperties) = preSolution
		HideSolutionNode = FALSE
	EndGlobalSection
	GlobalSection(ExtensibilityGlobals) = postSolution
		SolutionGuid = {E428FB38-A0FB-452F-B43D-39D4BD841F24}
	EndGlobalSection
EndGlobal
